// !$*UTF8*$!
{
	archiveVersion = 1;
	classes = {
	};
	objectVersion = 77;
	objects = {

/* Begin PBXContainerItemProxy section */
		301ED7D02E7683E400497146 /* PBXContainerItemProxy */ = {
			isa = PBXContainerItemProxy;
			containerPortal = 301ED7BA2E7683E200497146 /* Project object */;
			proxyType = 1;
			remoteGlobalIDString = 301ED7C12E7683E200497146;
			remoteInfo = Dictation5x5;
		};
		301ED7DA2E7683E400497146 /* PBXContainerItemProxy */ = {
			isa = PBXContainerItemProxy;
			containerPortal = 301ED7BA2E7683E200497146 /* Project object */;
			proxyType = 1;
			remoteGlobalIDString = 301ED7C12E7683E200497146;
			remoteInfo = Dictation5x5;
		};
/* End PBXContainerItemProxy section */

/* Begin PBXFileReference section */
		301ED7C22E7683E200497146 /* Dictation5x5.app */ = {isa = PBXFileReference; explicitFileType = wrapper.application; includeInIndex = 0; path = Dictation5x5.app; sourceTree = BUILT_PRODUCTS_DIR; };
		301ED7CF2E7683E400497146 /* Dictation5x5Tests.xctest */ = {isa = PBXFileReference; explicitFileType = wrapper.cfbundle; includeInIndex = 0; path = Dictation5x5Tests.xctest; sourceTree = BUILT_PRODUCTS_DIR; };
		301ED7D92E7683E400497146 /* Dictation5x5UITests.xctest */ = {isa = PBXFileReference; explicitFileType = wrapper.cfbundle; includeInIndex = 0; path = Dictation5x5UITests.xctest; sourceTree = BUILT_PRODUCTS_DIR; };
/* End PBXFileReference section */

/* Begin PBXFileSystemSynchronizedRootGroup section */
		301ED7C42E7683E200497146 /* Dictation5x5 */ = {
			isa = PBXFileSystemSynchronizedRootGroup;
			path = Dictation5x5;
			sourceTree = "<group>";
		};
		301ED7D22E7683E400497146 /* Dictation5x5Tests */ = {
			isa = PBXFileSystemSynchronizedRootGroup;
			path = Dictation5x5Tests;
			sourceTree = "<group>";
		};
		301ED7DC2E7683E400497146 /* Dictation5x5UITests */ = {
			isa = PBXFileSystemSynchronizedRootGroup;
			path = Dictation5x5UITests;
			sourceTree = "<group>";
		};
/* End PBXFileSystemSynchronizedRootGroup section */

/* Begin PBXFrameworksBuildPhase section */
		301ED7BF2E7683E200497146 /* Frameworks */ = {
			isa = PBXFrameworksBuildPhase;
			buildActionMask = 2147483647;
			files = (
			);
			runOnlyForDeploymentPostprocessing = 0;
		};
		301ED7CC2E7683E400497146 /* Frameworks */ = {
			isa = PBXFrameworksBuildPhase;
			buildActionMask = 2147483647;
			files = (
			);
			runOnlyForDeploymentPostprocessing = 0;
		};
		301ED7D62E7683E400497146 /* Frameworks */ = {
			isa = PBXFrameworksBuildPhase;
			buildActionMask = 2147483647;
			files = (
			);
			runOnlyForDeploymentPostprocessing = 0;
		};
/* End PBXFrameworksBuildPhase section */

/* Begin PBXGroup section */
		301ED7B92E7683E200497146 = {
			isa = PBXGroup;
			children = (
				301ED7C42E7683E200497146 /* Dictation5x5 */,
				301ED7D22E7683E400497146 /* Dictation5x5Tests */,
				301ED7DC2E7683E400497146 /* Dictation5x5UITests */,
				301ED7C32E7683E200497146 /* Products */,
			);
			sourceTree = "<group>";
		};
		301ED7C32E7683E200497146 /* Products */ = {
			isa = PBXGroup;
			children = (
				301ED7C22E7683E200497146 /* Dictation5x5.app */,
				301ED7CF2E7683E400497146 /* Dictation5x5Tests.xctest */,
				301ED7D92E7683E400497146 /* Dictation5x5UITests.xctest */,
			);
			name = Products;
			sourceTree = "<group>";
		};
/* End PBXGroup section */

/* Begin PBXNativeTarget section */
		301ED7C12E7683E200497146 /* Dictation5x5 */ = {
			isa = PBXNativeTarget;
			buildConfigurationList = 301ED7E32E7683E400497146 /* Build configuration list for PBXNativeTarget "Dictation5x5" */;
			buildPhases = (
				301ED7BE2E7683E200497146 /* Sources */,
				301ED7BF2E7683E200497146 /* Frameworks */,
				301ED7C02E7683E200497146 /* Resources */,
			);
			buildRules = (
			);
			dependencies = (
			);
			fileSystemSynchronizedGroups = (
				301ED7C42E7683E200497146 /* Dictation5x5 */,
			);
			name = Dictation5x5;
			packageProductDependencies = (
			);
			productName = Dictation5x5;
			productReference = 301ED7C22E7683E200497146 /* Dictation5x5.app */;
			productType = "com.apple.product-type.application";
		};
		301ED7CE2E7683E400497146 /* Dictation5x5Tests */ = {
			isa = PBXNativeTarget;
			buildConfigurationList = 301ED7E62E7683E400497146 /* Build configuration list for PBXNativeTarget "Dictation5x5Tests" */;
			buildPhases = (
				301ED7CB2E7683E400497146 /* Sources */,
				301ED7CC2E7683E400497146 /* Frameworks */,
				301ED7CD2E7683E400497146 /* Resources */,
			);
			buildRules = (
			);
			dependencies = (
				301ED7D12E7683E400497146 /* PBXTargetDependency */,
			);
			fileSystemSynchronizedGroups = (
				301ED7D22E7683E400497146 /* Dictation5x5Tests */,
			);
			name = Dictation5x5Tests;
			packageProductDependencies = (
			);
			productName = Dictation5x5Tests;
			productReference = 301ED7CF2E7683E400497146 /* Dictation5x5Tests.xctest */;
			productType = "com.apple.product-type.bundle.unit-test";
		};
		301ED7D82E7683E400497146 /* Dictation5x5UITests */ = {
			isa = PBXNativeTarget;
			buildConfigurationList = 301ED7E92E7683E400497146 /* Build configuration list for PBXNativeTarget "Dictation5x5UITests" */;
			buildPhases = (
				301ED7D52E7683E400497146 /* Sources */,
				301ED7D62E7683E400497146 /* Frameworks */,
				301ED7D72E7683E400497146 /* Resources */,
			);
			buildRules = (
			);
			dependencies = (
				301ED7DB2E7683E400497146 /* PBXTargetDependency */,
			);
			fileSystemSynchronizedGroups = (
				301ED7DC2E7683E400497146 /* Dictation5x5UITests */,
			);
			name = Dictation5x5UITests;
			packageProductDependencies = (
			);
			productName = Dictation5x5UITests;
			productReference = 301ED7D92E7683E400497146 /* Dictation5x5UITests.xctest */;
			productType = "com.apple.product-type.bundle.ui-testing";
		};
/* End PBXNativeTarget section */

/* Begin PBXProject section */
		301ED7BA2E7683E200497146 /* Project object */ = {
			isa = PBXProject;
			attributes = {
				BuildIndependentTargetsInParallel = 1;
				LastSwiftUpdateCheck = 1640;
				LastUpgradeCheck = 1640;
				TargetAttributes = {
					301ED7C12E7683E200497146 = {
						CreatedOnToolsVersion = 16.4;
					};
					301ED7CE2E7683E400497146 = {
						CreatedOnToolsVersion = 16.4;
						TestTargetID = 301ED7C12E7683E200497146;
					};
					301ED7D82E7683E400497146 = {
						CreatedOnToolsVersion = 16.4;
						TestTargetID = 301ED7C12E7683E200497146;
					};
				};
			};
			buildConfigurationList = 301ED7BD2E7683E200497146 /* Build configuration list for PBXProject "Dictation5x5" */;
			developmentRegion = en;
			hasScannedForEncodings = 0;
			knownRegions = (
				en,
				Base,
			);
			mainGroup = 301ED7B92E7683E200497146;
			minimizedProjectReferenceProxies = 1;
			preferredProjectObjectVersion = 77;
			productRefGroup = 301ED7C32E7683E200497146 /* Products */;
			projectDirPath = "";
			projectRoot = "";
			targets = (
				301ED7C12E7683E200497146 /* Dictation5x5 */,
				301ED7CE2E7683E400497146 /* Dictation5x5Tests */,
				301ED7D82E7683E400497146 /* Dictation5x5UITests */,
			);
		};
/* End PBXProject section */

/* Begin PBXResourcesBuildPhase section */
		301ED7C02E7683E200497146 /* Resources */ = {
			isa = PBXResourcesBuildPhase;
			buildActionMask = 2147483647;
			files = (
			);
			runOnlyForDeploymentPostprocessing = 0;
		};
		301ED7CD2E7683E400497146 /* Resources */ = {
			isa = PBXResourcesBuildPhase;
			buildActionMask = 2147483647;
			files = (
			);
			runOnlyForDeploymentPostprocessing = 0;
		};
		301ED7D72E7683E400497146 /* Resources */ = {
			isa = PBXResourcesBuildPhase;
			buildActionMask = 2147483647;
			files = (
			);
			runOnlyForDeploymentPostprocessing = 0;
		};
/* End PBXResourcesBuildPhase section */

/* Begin PBXSourcesBuildPhase section */
		301ED7BE2E7683E200497146 /* Sources */ = {
			isa = PBXSourcesBuildPhase;
			buildActionMask = 2147483647;
			files = (
			);
			runOnlyForDeploymentPostprocessing = 0;
		};
		301ED7CB2E7683E400497146 /* Sources */ = {
			isa = PBXSourcesBuildPhase;
			buildActionMask = 2147483647;
			files = (
			);
			runOnlyForDeploymentPostprocessing = 0;
		};
		301ED7D52E7683E400497146 /* Sources */ = {
			isa = PBXSourcesBuildPhase;
			buildActionMask = 2147483647;
			files = (
			);
			runOnlyForDeploymentPostprocessing = 0;
		};
/* End PBXSourcesBuildPhase section */

/* Begin PBXTargetDependency section */
		301ED7D12E7683E400497146 /* PBXTargetDependency */ = {
			isa = PBXTargetDependency;
			target = 301ED7C12E7683E200497146 /* Dictation5x5 */;
			targetProxy = 301ED7D02E7683E400497146 /* PBXContainerItemProxy */;
		};
		301ED7DB2E7683E400497146 /* PBXTargetDependency */ = {
			isa = PBXTargetDependency;
			target = 301ED7C12E7683E200497146 /* Dictation5x5 */;
			targetProxy = 301ED7DA2E7683E400497146 /* PBXContainerItemProxy */;
		};
/* End PBXTargetDependency section */

/* Begin XCBuildConfiguration section */
		301ED7E12E7683E400497146 /* Debug */ = {
			isa = XCBuildConfiguration;
			buildSettings = {
				ALWAYS_SEARCH_USER_PATHS = NO;
				ASSETCATALOG_COMPILER_GENERATE_SWIFT_ASSET_SYMBOL_EXTENSIONS = YES;
				CLANG_ANALYZER_NONNULL = YES;
				CLANG_ANALYZER_NUMBER_OBJECT_CONVERSION = YES_AGGRESSIVE;
				CLANG_CXX_LANGUAGE_STANDARD = "gnu++20";
				CLANG_ENABLE_MODULES = YES;
				CLANG_ENABLE_OBJC_ARC = YES;
				CLANG_ENABLE_OBJC_WEAK = YES;
				CLANG_WARN_BLOCK_CAPTURE_AUTORELEASING = YES;
				CLANG_WARN_BOOL_CONVERSION = YES;
				CLANG_WARN_COMMA = YES;
				CLANG_WARN_CONSTANT_CONVERSION = YES;
				CLANG_WARN_DEPRECATED_OBJC_IMPLEMENTATIONS = YES;
				CLANG_WARN_DIRECT_OBJC_ISA_USAGE = YES_ERROR;
				CLANG_WARN_DOCUMENTATION_COMMENTS = YES;
				CLANG_WARN_EMPTY_BODY = YES;
				CLANG_WARN_ENUM_CONVERSION = YES;
				CLANG_WARN_INFINITE_RECURSION = YES;
				CLANG_WARN_INT_CONVERSION = YES;
				CLANG_WARN_NON_LITERAL_NULL_CONVERSION = YES;
				CLANG_WARN_OBJC_IMPLICIT_RETAIN_SELF = YES;
				CLANG_WARN_OBJC_LITERAL_CONVERSION = YES;
				CLANG_WARN_OBJC_ROOT_CLASS = YES_ERROR;
				CLANG_WARN_QUOTED_INCLUDE_IN_FRAMEWORK_HEADER = YES;
				CLANG_WARN_RANGE_LOOP_ANALYSIS = YES;
				CLANG_WARN_STRICT_PROTOTYPES = YES;
				CLANG_WARN_SUSPICIOUS_MOVE = YES;
				CLANG_WARN_UNGUARDED_AVAILABILITY = YES_AGGRESSIVE;
				CLANG_WARN_UNREACHABLE_CODE = YES;
				CLANG_WARN__DUPLICATE_METHOD_MATCH = YES;
				COPY_PHASE_STRIP = NO;
				DEBUG_INFORMATION_FORMAT = dwarf;
				ENABLE_STRICT_OBJC_MSGSEND = YES;
				ENABLE_TESTABILITY = YES;
				ENABLE_USER_SCRIPT_SANDBOXING = YES;
				GCC_C_LANGUAGE_STANDARD = gnu17;
				GCC_DYNAMIC_NO_PIC = NO;
				GCC_NO_COMMON_BLOCKS = YES;
				GCC_OPTIMIZATION_LEVEL = 0;
				GCC_PREPROCESSOR_DEFINITIONS = (
					"DEBUG=1",
					"$(inherited)",
				);
				GCC_WARN_64_TO_32_BIT_CONVERSION = YES;
				GCC_WARN_ABOUT_RETURN_TYPE = YES_ERROR;
				GCC_WARN_UNDECLARED_SELECTOR = YES;
				GCC_WARN_UNINITIALIZED_AUTOS = YES_AGGRESSIVE;
				GCC_WARN_UNUSED_FUNCTION = YES;
				GCC_WARN_UNUSED_VARIABLE = YES;
				IPHONEOS_DEPLOYMENT_TARGET = 18.5;
				LOCALIZATION_PREFERS_STRING_CATALOGS = YES;
				MTL_ENABLE_DEBUG_INFO = INCLUDE_SOURCE;
				MTL_FAST_MATH = YES;
				ONLY_ACTIVE_ARCH = YES;
				SDKROOT = iphoneos;
				SWIFT_ACTIVE_COMPILATION_CONDITIONS = "DEBUG $(inherited)";
				SWIFT_OPTIMIZATION_LEVEL = "-Onone";
			};
			name = Debug;
		};
		301ED7E22E7683E400497146 /* Release */ = {
			isa = XCBuildConfiguration;
			buildSettings = {
				ALWAYS_SEARCH_USER_PATHS = NO;
				ASSETCATALOG_COMPILER_GENERATE_SWIFT_ASSET_SYMBOL_EXTENSIONS = YES;
				CLANG_ANALYZER_NONNULL = YES;
				CLANG_ANALYZER_NUMBER_OBJECT_CONVERSION = YES_AGGRESSIVE;
				CLANG_CXX_LANGUAGE_STANDARD = "gnu++20";
				CLANG_ENABLE_MODULES = YES;
				CLANG_ENABLE_OBJC_ARC = YES;
				CLANG_ENABLE_OBJC_WEAK = YES;
				CLANG_WARN_BLOCK_CAPTURE_AUTORELEASING = YES;
				CLANG_WARN_BOOL_CONVERSION = YES;
				CLANG_WARN_COMMA = YES;
				CLANG_WARN_CONSTANT_CONVERSION = YES;
				CLANG_WARN_DEPRECATED_OBJC_IMPLEMENTATIONS = YES;
				CLANG_WARN_DIRECT_OBJC_ISA_USAGE = YES_ERROR;
				CLANG_WARN_DOCUMENTATION_COMMENTS = YES;
				CLANG_WARN_EMPTY_BODY = YES;
				CLANG_WARN_ENUM_CONVERSION = YES;
				CLANG_WARN_INFINITE_RECURSION = YES;
				CLANG_WARN_INT_CONVERSION = YES;
				CLANG_WARN_NON_LITERAL_NULL_CONVERSION = YES;
				CLANG_WARN_OBJC_IMPLICIT_RETAIN_SELF = YES;
				CLANG_WARN_OBJC_LITERAL_CONVERSION = YES;
				CLANG_WARN_OBJC_ROOT_CLASS = YES_ERROR;
				CLANG_WARN_QUOTED_INCLUDE_IN_FRAMEWORK_HEADER = YES;
				CLANG_WARN_RANGE_LOOP_ANALYSIS = YES;
				CLANG_WARN_STRICT_PROTOTYPES = YES;
				CLANG_WARN_SUSPICIOUS_MOVE = YES;
				CLANG_WARN_UNGUARDED_AVAILABILITY = YES_AGGRESSIVE;
				CLANG_WARN_UNREACHABLE_CODE = YES;
				CLANG_WARN__DUPLICATE_METHOD_MATCH = YES;
				COPY_PHASE_STRIP = NO;
				DEBUG_INFORMATION_FORMAT = "dwarf-with-dsym";
				ENABLE_NS_ASSERTIONS = NO;
				ENABLE_STRICT_OBJC_MSGSEND = YES;
				ENABLE_USER_SCRIPT_SANDBOXING = YES;
				GCC_C_LANGUAGE_STANDARD = gnu17;
				GCC_NO_COMMON_BLOCKS = YES;
				GCC_WARN_64_TO_32_BIT_CONVERSION = YES;
				GCC_WARN_ABOUT_RETURN_TYPE = YES_ERROR;
				GCC_WARN_UNDECLARED_SELECTOR = YES;
				GCC_WARN_UNINITIALIZED_AUTOS = YES_AGGRESSIVE;
				GCC_WARN_UNUSED_FUNCTION = YES;
				GCC_WARN_UNUSED_VARIABLE = YES;
				IPHONEOS_DEPLOYMENT_TARGET = 18.5;
				LOCALIZATION_PREFERS_STRING_CATALOGS = YES;
				MTL_ENABLE_DEBUG_INFO = NO;
				MTL_FAST_MATH = YES;
				SDKROOT = iphoneos;
				SWIFT_COMPILATION_MODE = wholemodule;
				VALIDATE_PRODUCT = YES;
			};
			name = Release;
		};
		301ED7E42E7683E400497146 /* Debug */ = {
			isa = XCBuildConfiguration;
			buildSettings = {
				ASSETCATALOG_COMPILER_APPICON_NAME = AppIcon;
				ASSETCATALOG_COMPILER_GLOBAL_ACCENT_COLOR_NAME = AccentColor;
				CODE_SIGN_STYLE = Automatic;
				CURRENT_PROJECT_VERSION = 1;
				DEVELOPMENT_TEAM = Y7549RNK2Z;
				ENABLE_PREVIEWS = YES;
				GENERATE_INFOPLIST_FILE = YES;
				INFOPLIST_KEY_NSMicrophoneUsageDescription = "We would be accessing the microphone to listen in when the start button is pressed and to transcribe the notes.";
				INFOPLIST_KEY_UIApplicationSceneManifest_Generation = YES;
				INFOPLIST_KEY_UIApplicationSupportsIndirectInputEvents = YES;
				INFOPLIST_KEY_UILaunchScreen_Generation = YES;
				INFOPLIST_KEY_UISupportedInterfaceOrientations_iPad = "UIInterfaceOrientationPortrait UIInterfaceOrientationPortraitUpsideDown UIInterfaceOrientationLandscapeLeft UIInterfaceOrientationLandscapeRight";
				INFOPLIST_KEY_UISupportedInterfaceOrientations_iPhone = "UIInterfaceOrientationPortrait UIInterfaceOrientationLandscapeLeft UIInterfaceOrientationLandscapeRight";
				LD_RUNPATH_SEARCH_PATHS = (
					"$(inherited)",
					"@executable_path/Frameworks",
				);
				MARKETING_VERSION = 1.0;
				PRODUCT_BUNDLE_IDENTIFIER = iDocs.Dictation5x5;
				PRODUCT_NAME = "$(TARGET_NAME)";
				SWIFT_EMIT_LOC_STRINGS = YES;
				SWIFT_VERSION = 5.0;
				TARGETED_DEVICE_FAMILY = "1,2";
			};
			name = Debug;
		};
		301ED7E52E7683E400497146 /* Release */ = {
			isa = XCBuildConfiguration;
			buildSettings = {
				ASSETCATALOG_COMPILER_APPICON_NAME = AppIcon;
				ASSETCATALOG_COMPILER_GLOBAL_ACCENT_COLOR_NAME = AccentColor;
				CODE_SIGN_STYLE = Automatic;
				CURRENT_PROJECT_VERSION = 1;
				DEVELOPMENT_TEAM = Y7549RNK2Z;
				ENABLE_PREVIEWS = YES;
				GENERATE_INFOPLIST_FILE = YES;
				INFOPLIST_KEY_NSMicrophoneUsageDescription = "We would be accessing the microphone to listen in when the start button is pressed and to transcribe the notes.";
				INFOPLIST_KEY_UIApplicationSceneManifest_Generation = YES;
				INFOPLIST_KEY_UIApplicationSupportsIndirectInputEvents = YES;
				INFOPLIST_KEY_UILaunchScreen_Generation = YES;
				INFOPLIST_KEY_UISupportedInterfaceOrientations_iPad = "UIInterfaceOrientationPortrait UIInterfaceOrientationPortraitUpsideDown UIInterfaceOrientationLandscapeLeft UIInterfaceOrientationLandscapeRight";
				INFOPLIST_KEY_UISupportedInterfaceOrientations_iPhone = "UIInterfaceOrientationPortrait UIInterfaceOrientationLandscapeLeft UIInterfaceOrientationLandscapeRight";
				LD_RUNPATH_SEARCH_PATHS = (
					"$(inherited)",
					"@executable_path/Frameworks",
				);
				MARKETING_VERSION = 1.0;
				PRODUCT_BUNDLE_IDENTIFIER = iDocs.Dictation5x5;
				PRODUCT_NAME = "$(TARGET_NAME)";
				SWIFT_EMIT_LOC_STRINGS = YES;
				SWIFT_VERSION = 5.0;
				TARGETED_DEVICE_FAMILY = "1,2";
			};
			name = Release;
		};
		301ED7E72E7683E400497146 /* Debug */ = {
			isa = XCBuildConfiguration;
			buildSettings = {
				BUNDLE_LOADER = "$(TEST_HOST)";
				CODE_SIGN_STYLE = Automatic;
				CURRENT_PROJECT_VERSION = 1;
				GENERATE_INFOPLIST_FILE = YES;
				IPHONEOS_DEPLOYMENT_TARGET = 18.5;
				MARKETING_VERSION = 1.0;
				PRODUCT_BUNDLE_IDENTIFIER = iDocs.Dictation5x5Tests;
				PRODUCT_NAME = "$(TARGET_NAME)";
				SWIFT_EMIT_LOC_STRINGS = NO;
				SWIFT_VERSION = 5.0;
				TARGETED_DEVICE_FAMILY = "1,2";
				TEST_HOST = "$(BUILT_PRODUCTS_DIR)/Dictation5x5.app/$(BUNDLE_EXECUTABLE_FOLDER_PATH)/Dictation5x5";
			};
			name = Debug;
		};
		301ED7E82E7683E400497146 /* Release */ = {
			isa = XCBuildConfiguration;
			buildSettings = {
				BUNDLE_LOADER = "$(TEST_HOST)";
				CODE_SIGN_STYLE = Automatic;
				CURRENT_PROJECT_VERSION = 1;
				GENERATE_INFOPLIST_FILE = YES;
				IPHONEOS_DEPLOYMENT_TARGET = 18.5;
				MARKETING_VERSION = 1.0;
				PRODUCT_BUNDLE_IDENTIFIER = iDocs.Dictation5x5Tests;
				PRODUCT_NAME = "$(TARGET_NAME)";
				SWIFT_EMIT_LOC_STRINGS = NO;
				SWIFT_VERSION = 5.0;
				TARGETED_DEVICE_FAMILY = "1,2";
				TEST_HOST = "$(BUILT_PRODUCTS_DIR)/Dictation5x5.app/$(BUNDLE_EXECUTABLE_FOLDER_PATH)/Dictation5x5";
			};
			name = Release;
		};
		301ED7EA2E7683E400497146 /* Debug */ = {
			isa = XCBuildConfiguration;
			buildSettings = {
				CODE_SIGN_STYLE = Automatic;
				CURRENT_PROJECT_VERSION = 1;
				GENERATE_INFOPLIST_FILE = YES;
				MARKETING_VERSION = 1.0;
				PRODUCT_BUNDLE_IDENTIFIER = iDocs.Dictation5x5UITests;
				PRODUCT_NAME = "$(TARGET_NAME)";
				SWIFT_EMIT_LOC_STRINGS = NO;
				SWIFT_VERSION = 5.0;
				TARGETED_DEVICE_FAMILY = "1,2";
				TEST_TARGET_NAME = Dictation5x5;
			};
			name = Debug;
		};
		301ED7EB2E7683E400497146 /* Release */ = {
			isa = XCBuildConfiguration;
			buildSettings = {
				CODE_SIGN_STYLE = Automatic;
				CURRENT_PROJECT_VERSION = 1;
				GENERATE_INFOPLIST_FILE = YES;
				MARKETING_VERSION = 1.0;
				PRODUCT_BUNDLE_IDENTIFIER = iDocs.Dictation5x5UITests;
				PRODUCT_NAME = "$(TARGET_NAME)";
				SWIFT_EMIT_LOC_STRINGS = NO;
				SWIFT_VERSION = 5.0;
				TARGETED_DEVICE_FAMILY = "1,2";
				TEST_TARGET_NAME = Dictation5x5;
			};
			name = Release;
		};
/* End XCBuildConfiguration section */

/* Begin XCConfigurationList section */
		301ED7BD2E7683E200497146 /* Build configuration list for PBXProject "Dictation5x5" */ = {
			isa = XCConfigurationList;
			buildConfigurations = (
				301ED7E12E7683E400497146 /* Debug */,
				301ED7E22E7683E400497146 /* Release */,
			);
			defaultConfigurationIsVisible = 0;
			defaultConfigurationName = Release;
		};
		301ED7E32E7683E400497146 /* Build configuration list for PBXNativeTarget "Dictation5x5" */ = {
			isa = XCConfigurationList;
			buildConfigurations = (
				301ED7E42E7683E400497146 /* Debug */,
				301ED7E52E7683E400497146 /* Release */,
			);
			defaultConfigurationIsVisible = 0;
			defaultConfigurationName = Release;
		};
		301ED7E62E7683E400497146 /* Build configuration list for PBXNativeTarget "Dictation5x5Tests" */ = {
			isa = XCConfigurationList;
			buildConfigurations = (
				301ED7E72E7683E400497146 /* Debug */,
				301ED7E82E7683E400497146 /* Release */,
			);
			defaultConfigurationIsVisible = 0;
			defaultConfigurationName = Release;
		};
		301ED7E92E7683E400497146 /* Build configuration list for PBXNativeTarget "Dictation5x5UITests" */ = {
			isa = XCConfigurationList;
			buildConfigurations = (
				301ED7EA2E7683E400497146 /* Debug */,
				301ED7EB2E7683E400497146 /* Release */,
			);
			defaultConfigurationIsVisible = 0;
			defaultConfigurationName = Release;
		};
/* End XCConfigurationList section */
	};
	rootObject = 301ED7BA2E7683E200497146 /* Project object */;
}
